
Microsoft Visual Studio Solution File, Format Version 12.00
# Visual Studio Version 17
VisualStudioVersion = 17.0.31919.166
MinimumVisualStudioVersion = 10.0.40219.1
Project("{FAE04EC0-301F-11D3-BF4B-00C04F79EFBC}") = "2048", "2048\2048.csproj", "{1C8333B8-1C1B-40A4-B7AD-3298850C3082}"
EndProject
Global
	GlobalSection(SolutionConfigurationPlatforms) = preSolution
		Debug|Any CPU = Debug|Any CPU
		Release|Any CPU = Release|Any CPU
	EndGlobalSection
	GlobalSection(ProjectConfigurationPlatforms) = postSolution
		{1C8333B8-1C1B-40A4-B7AD-3298850C3082}.Debug|Any CPU.ActiveCfg = Debug|Any CPU
		{1C8333B8-1C1B-40A4-B7AD-3298850C3082}.Debug|Any CPU.Build.0 = Debug|Any CPU
		{1C8333B8-1C1B-40A4-B7AD-3298850C3082}.Release|Any CPU.ActiveCfg = Release|Any CPU
		{1C8333B8-1C1B-40A4-B7AD-3298850C3082}.Release|Any CPU.Build.0 = Release|Any CPU
	EndGlobalSection
	GlobalSection(SolutionProperties) = preSolution
		HideSolutionNode = FALSE
	EndGlobalSection
	GlobalSection(ExtensibilityGlobals) = postSolution
		SolutionGuid = {3A270C42-BB3B-4184-85EE-74B1609806ED}
	EndGlobalSection
EndGlobal
